// !$*UTF8*$!
{
	archiveVersion = 1;
	classes = {
	};
	objectVersion = 48;
	objects = {

/* Begin PBXBuildFile section */
		D73EB2291FB7D25300C50F61 /* performance.swift in Sources */ = {isa = PBXBuildFile; fileRef = D73EB2281FB7D25300C50F61 /* performance.swift */; };
		D73EB22C1FB8F71A00C50F61 /* Card+CoreDataClass.swift in Sources */ = {isa = PBXBuildFile; fileRef = D73EB22A1FB8F71A00C50F61 /* Card+CoreDataClass.swift */; };
		D73EB22F1FB9087C00C50F61 /* Study_view_controller.swift in Sources */ = {isa = PBXBuildFile; fileRef = D73EB22E1FB9087C00C50F61 /* Study_view_controller.swift */; };
		D73EB2311FBA286700C50F61 /* navi_back_delegate_protocol.swift in Sources */ = {isa = PBXBuildFile; fileRef = D73EB2301FBA286700C50F61 /* navi_back_delegate_protocol.swift */; };
		D73EB2351FBA433900C50F61 /* cardListTableViewController.swift in Sources */ = {isa = PBXBuildFile; fileRef = D73EB2341FBA433900C50F61 /* cardListTableViewController.swift */; };
		D76BE8B41FB119D400BA4F13 /* record.swift in Sources */ = {isa = PBXBuildFile; fileRef = D76BE8B31FB119D400BA4F13 /* record.swift */; };
		D7E4EBFC1FB0DA300025CA67 /* AppDelegate.swift in Sources */ = {isa = PBXBuildFile; fileRef = D7E4EBFB1FB0DA300025CA67 /* AppDelegate.swift */; };
		D7E4EBFE1FB0DA300025CA67 /* DashBoardViewController.swift in Sources */ = {isa = PBXBuildFile; fileRef = D7E4EBFD1FB0DA300025CA67 /* DashBoardViewController.swift */; };
		D7E4EC011FB0DA300025CA67 /* Main.storyboard in Resources */ = {isa = PBXBuildFile; fileRef = D7E4EBFF1FB0DA300025CA67 /* Main.storyboard */; };
		D7E4EC041FB0DA300025CA67 /* Final.xcdatamodeld in Sources */ = {isa = PBXBuildFile; fileRef = D7E4EC021FB0DA300025CA67 /* Final.xcdatamodeld */; };
		D7E4EC061FB0DA300025CA67 /* Assets.xcassets in Resources */ = {isa = PBXBuildFile; fileRef = D7E4EC051FB0DA300025CA67 /* Assets.xcassets */; };
		D7E4EC091FB0DA300025CA67 /* LaunchScreen.storyboard in Resources */ = {isa = PBXBuildFile; fileRef = D7E4EC071FB0DA300025CA67 /* LaunchScreen.storyboard */; };
		D7E4EC141FB0DA310025CA67 /* FinalTests.swift in Sources */ = {isa = PBXBuildFile; fileRef = D7E4EC131FB0DA310025CA67 /* FinalTests.swift */; };
		D7E4EC1F1FB0DA310025CA67 /* FinalUITests.swift in Sources */ = {isa = PBXBuildFile; fileRef = D7E4EC1E1FB0DA310025CA67 /* FinalUITests.swift */; };
		D7E4EC2F1FB0DA9D0025CA67 /* words.plist in Resources */ = {isa = PBXBuildFile; fileRef = D7E4EC2E1FB0DA9C0025CA67 /* words.plist */; };
		D7E4EC331FB0DAD80025CA67 /* CardService.swift in Sources */ = {isa = PBXBuildFile; fileRef = D7E4EC321FB0DAD80025CA67 /* CardService.swift */; };
		D7FEED501FB6830200F92C44 /* Setting_tableview_controller.swift in Sources */ = {isa = PBXBuildFile; fileRef = D7FEED4F1FB6830200F92C44 /* Setting_tableview_controller.swift */; };
/* End PBXBuildFile section */

/* Begin PBXContainerItemProxy section */
		D7E4EC101FB0DA310025CA67 /* PBXContainerItemProxy */ = {
			isa = PBXContainerItemProxy;
			containerPortal = D7E4EBF01FB0DA300025CA67 /* Project object */;
			proxyType = 1;
			remoteGlobalIDString = D7E4EBF71FB0DA300025CA67;
			remoteInfo = Final;
		};
		D7E4EC1B1FB0DA310025CA67 /* PBXContainerItemProxy */ = {
			isa = PBXContainerItemProxy;
			containerPortal = D7E4EBF01FB0DA300025CA67 /* Project object */;
			proxyType = 1;
			remoteGlobalIDString = D7E4EBF71FB0DA300025CA67;
			remoteInfo = Final;
		};
/* End PBXContainerItemProxy section */

/* Begin PBXFileReference section */
		D73EB2281FB7D25300C50F61 /* performance.swift */ = {isa = PBXFileReference; lastKnownFileType = sourcecode.swift; path = performance.swift; sourceTree = "<group>"; };
		D73EB22A1FB8F71A00C50F61 /* Card+CoreDataClass.swift */ = {isa = PBXFileReference; lastKnownFileType = sourcecode.swift; path = "Card+CoreDataClass.swift"; sourceTree = "<group>"; };
		D73EB22E1FB9087C00C50F61 /* Study_view_controller.swift */ = {isa = PBXFileReference; lastKnownFileType = sourcecode.swift; path = Study_view_controller.swift; sourceTree = "<group>"; };
		D73EB2301FBA286700C50F61 /* navi_back_delegate_protocol.swift */ = {isa = PBXFileReference; lastKnownFileType = sourcecode.swift; path = navi_back_delegate_protocol.swift; sourceTree = "<group>"; };
		D73EB2341FBA433900C50F61 /* cardListTableViewController.swift */ = {isa = PBXFileReference; lastKnownFileType = sourcecode.swift; path = cardListTableViewController.swift; sourceTree = "<group>"; };
		D76BE8B31FB119D400BA4F13 /* record.swift */ = {isa = PBXFileReference; lastKnownFileType = sourcecode.swift; path = record.swift; sourceTree = "<group>"; };
		D7E4EBF81FB0DA300025CA67 /* Final.app */ = {isa = PBXFileReference; explicitFileType = wrapper.application; includeInIndex = 0; path = Final.app; sourceTree = BUILT_PRODUCTS_DIR; };
		D7E4EBFB1FB0DA300025CA67 /* AppDelegate.swift */ = {isa = PBXFileReference; lastKnownFileType = sourcecode.swift; path = AppDelegate.swift; sourceTree = "<group>"; };
		D7E4EBFD1FB0DA300025CA67 /* DashBoardViewController.swift */ = {isa = PBXFileReference; lastKnownFileType = sourcecode.swift; path = DashBoardViewController.swift; sourceTree = "<group>"; };
		D7E4EC001FB0DA300025CA67 /* Base */ = {isa = PBXFileReference; lastKnownFileType = file.storyboard; name = Base; path = Base.lproj/Main.storyboard; sourceTree = "<group>"; };
		D7E4EC031FB0DA300025CA67 /* Final.xcdatamodel */ = {isa = PBXFileReference; lastKnownFileType = wrapper.xcdatamodel; path = Final.xcdatamodel; sourceTree = "<group>"; };
		D7E4EC051FB0DA300025CA67 /* Assets.xcassets */ = {isa = PBXFileReference; lastKnownFileType = folder.assetcatalog; path = Assets.xcassets; sourceTree = "<group>"; };
		D7E4EC081FB0DA300025CA67 /* Base */ = {isa = PBXFileReference; lastKnownFileType = file.storyboard; name = Base; path = Base.lproj/LaunchScreen.storyboard; sourceTree = "<group>"; };
		D7E4EC0A1FB0DA300025CA67 /* Info.plist */ = {isa = PBXFileReference; lastKnownFileType = text.plist.xml; path = Info.plist; sourceTree = "<group>"; };
		D7E4EC0F1FB0DA310025CA67 /* FinalTests.xctest */ = {isa = PBXFileReference; explicitFileType = wrapper.cfbundle; includeInIndex = 0; path = FinalTests.xctest; sourceTree = BUILT_PRODUCTS_DIR; };
		D7E4EC131FB0DA310025CA67 /* FinalTests.swift */ = {isa = PBXFileReference; lastKnownFileType = sourcecode.swift; path = FinalTests.swift; sourceTree = "<group>"; };
		D7E4EC151FB0DA310025CA67 /* Info.plist */ = {isa = PBXFileReference; lastKnownFileType = text.plist.xml; path = Info.plist; sourceTree = "<group>"; };
		D7E4EC1A1FB0DA310025CA67 /* FinalUITests.xctest */ = {isa = PBXFileReference; explicitFileType = wrapper.cfbundle; includeInIndex = 0; path = FinalUITests.xctest; sourceTree = BUILT_PRODUCTS_DIR; };
		D7E4EC1E1FB0DA310025CA67 /* FinalUITests.swift */ = {isa = PBXFileReference; lastKnownFileType = sourcecode.swift; path = FinalUITests.swift; sourceTree = "<group>"; };
		D7E4EC201FB0DA310025CA67 /* Info.plist */ = {isa = PBXFileReference; lastKnownFileType = text.plist.xml; path = Info.plist; sourceTree = "<group>"; };
		D7E4EC2E1FB0DA9C0025CA67 /* words.plist */ = {isa = PBXFileReference; fileEncoding = 4; lastKnownFileType = text.plist.xml; path = words.plist; sourceTree = "<group>"; };
		D7E4EC321FB0DAD80025CA67 /* CardService.swift */ = {isa = PBXFileReference; lastKnownFileType = sourcecode.swift; path = CardService.swift; sourceTree = "<group>"; };
		D7FEED4F1FB6830200F92C44 /* Setting_tableview_controller.swift */ = {isa = PBXFileReference; lastKnownFileType = sourcecode.swift; path = Setting_tableview_controller.swift; sourceTree = "<group>"; };
/* End PBXFileReference section */

/* Begin PBXFrameworksBuildPhase section */
		D7E4EBF51FB0DA300025CA67 /* Frameworks */ = {
			isa = PBXFrameworksBuildPhase;
			buildActionMask = 2147483647;
			files = (
			);
			runOnlyForDeploymentPostprocessing = 0;
		};
		D7E4EC0C1FB0DA310025CA67 /* Frameworks */ = {
			isa = PBXFrameworksBuildPhase;
			buildActionMask = 2147483647;
			files = (
			);
			runOnlyForDeploymentPostprocessing = 0;
		};
		D7E4EC171FB0DA310025CA67 /* Frameworks */ = {
			isa = PBXFrameworksBuildPhase;
			buildActionMask = 2147483647;
			files = (
			);
			runOnlyForDeploymentPostprocessing = 0;
		};
/* End PBXFrameworksBuildPhase section */

/* Begin PBXGroup section */
		D76BE8B01FB0DE8600BA4F13 /* Model */ = {
			isa = PBXGroup;
			children = (
				D76BE8B31FB119D400BA4F13 /* record.swift */,
				D73EB22A1FB8F71A00C50F61 /* Card+CoreDataClass.swift */,
				D73EB2281FB7D25300C50F61 /* performance.swift */,
			);
			path = Model;
			sourceTree = "<group>";
		};
		D76BE8B51FB38D8500BA4F13 /* Extension&Protocol */ = {
			isa = PBXGroup;
			children = (
				D73EB2301FBA286700C50F61 /* navi_back_delegate_protocol.swift */,
			);
			path = "Extension&Protocol";
			sourceTree = "<group>";
		};
		D7E4EBEF1FB0DA300025CA67 = {
			isa = PBXGroup;
			children = (
				D7E4EBFA1FB0DA300025CA67 /* Final */,
				D7E4EC121FB0DA310025CA67 /* FinalTests */,
				D7E4EC1D1FB0DA310025CA67 /* FinalUITests */,
				D7E4EBF91FB0DA300025CA67 /* Products */,
			);
			sourceTree = "<group>";
		};
		D7E4EBF91FB0DA300025CA67 /* Products */ = {
			isa = PBXGroup;
			children = (
				D7E4EBF81FB0DA300025CA67 /* Final.app */,
				D7E4EC0F1FB0DA310025CA67 /* FinalTests.xctest */,
				D7E4EC1A1FB0DA310025CA67 /* FinalUITests.xctest */,
			);
			name = Products;
			sourceTree = "<group>";
		};
		D7E4EBFA1FB0DA300025CA67 /* Final */ = {
			isa = PBXGroup;
			children = (
				D7E4EC311FB0DAB80025CA67 /* Source */,
				D7E4EC2D1FB0DA560025CA67 /* Resource */,
				D7E4EC0A1FB0DA300025CA67 /* Info.plist */,
			);
			path = Final;
			sourceTree = "<group>";
		};
		D7E4EC121FB0DA310025CA67 /* FinalTests */ = {
			isa = PBXGroup;
			children = (
				D7E4EC131FB0DA310025CA67 /* FinalTests.swift */,
				D7E4EC151FB0DA310025CA67 /* Info.plist */,
			);
			path = FinalTests;
			sourceTree = "<group>";
		};
		D7E4EC1D1FB0DA310025CA67 /* FinalUITests */ = {
			isa = PBXGroup;
			children = (
				D7E4EC1E1FB0DA310025CA67 /* FinalUITests.swift */,
				D7E4EC201FB0DA310025CA67 /* Info.plist */,
			);
			path = FinalUITests;
			sourceTree = "<group>";
		};
		D7E4EC2C1FB0DA460025CA67 /* Controller */ = {
			isa = PBXGroup;
			children = (
				D7E4EBFB1FB0DA300025CA67 /* AppDelegate.swift */,
				D7E4EBFD1FB0DA300025CA67 /* DashBoardViewController.swift */,
				D7FEED4F1FB6830200F92C44 /* Setting_tableview_controller.swift */,
				D73EB22E1FB9087C00C50F61 /* Study_view_controller.swift */,
				D73EB2341FBA433900C50F61 /* cardListTableViewController.swift */,
			);
			path = Controller;
			sourceTree = "<group>";
		};
		D7E4EC2D1FB0DA560025CA67 /* Resource */ = {
			isa = PBXGroup;
			children = (
				D7E4EC2E1FB0DA9C0025CA67 /* words.plist */,
				D7E4EBFF1FB0DA300025CA67 /* Main.storyboard */,
				D7E4EC051FB0DA300025CA67 /* Assets.xcassets */,
				D7E4EC071FB0DA300025CA67 /* LaunchScreen.storyboard */,
				D7E4EC021FB0DA300025CA67 /* Final.xcdatamodeld */,
			);
			path = Resource;
			sourceTree = "<group>";
		};
		D7E4EC301FB0DAA60025CA67 /* Service */ = {
			isa = PBXGroup;
			children = (
				D76BE8B01FB0DE8600BA4F13 /* Model */,
				D7E4EC321FB0DAD80025CA67 /* CardService.swift */,
			);
			path = Service;
			sourceTree = "<group>";
		};
		D7E4EC311FB0DAB80025CA67 /* Source */ = {
			isa = PBXGroup;
			children = (
				D76BE8B51FB38D8500BA4F13 /* Extension&Protocol */,
				D7E4EC301FB0DAA60025CA67 /* Service */,
				D7E4EC2C1FB0DA460025CA67 /* Controller */,
			);
			path = Source;
			sourceTree = "<group>";
		};
/* End PBXGroup section */

/* Begin PBXNativeTarget section */
		D7E4EBF71FB0DA300025CA67 /* Final */ = {
			isa = PBXNativeTarget;
			buildConfigurationList = D7E4EC231FB0DA310025CA67 /* Build configuration list for PBXNativeTarget "Final" */;
			buildPhases = (
				D7E4EBF41FB0DA300025CA67 /* Sources */,
				D7E4EBF51FB0DA300025CA67 /* Frameworks */,
				D7E4EBF61FB0DA300025CA67 /* Resources */,
			);
			buildRules = (
			);
			dependencies = (
			);
			name = Final;
			productName = Final;
			productReference = D7E4EBF81FB0DA300025CA67 /* Final.app */;
			productType = "com.apple.product-type.application";
		};
		D7E4EC0E1FB0DA310025CA67 /* FinalTests */ = {
			isa = PBXNativeTarget;
			buildConfigurationList = D7E4EC261FB0DA310025CA67 /* Build configuration list for PBXNativeTarget "FinalTests" */;
			buildPhases = (
				D7E4EC0B1FB0DA310025CA67 /* Sources */,
				D7E4EC0C1FB0DA310025CA67 /* Frameworks */,
				D7E4EC0D1FB0DA310025CA67 /* Resources */,
			);
			buildRules = (
			);
			dependencies = (
				D7E4EC111FB0DA310025CA67 /* PBXTargetDependency */,
			);
			name = FinalTests;
			productName = FinalTests;
			productReference = D7E4EC0F1FB0DA310025CA67 /* FinalTests.xctest */;
			productType = "com.apple.product-type.bundle.unit-test";
		};
		D7E4EC191FB0DA310025CA67 /* FinalUITests */ = {
			isa = PBXNativeTarget;
			buildConfigurationList = D7E4EC291FB0DA310025CA67 /* Build configuration list for PBXNativeTarget "FinalUITests" */;
			buildPhases = (
				D7E4EC161FB0DA310025CA67 /* Sources */,
				D7E4EC171FB0DA310025CA67 /* Frameworks */,
				D7E4EC181FB0DA310025CA67 /* Resources */,
			);
			buildRules = (
			);
			dependencies = (
				D7E4EC1C1FB0DA310025CA67 /* PBXTargetDependency */,
			);
			name = FinalUITests;
			productName = FinalUITests;
			productReference = D7E4EC1A1FB0DA310025CA67 /* FinalUITests.xctest */;
			productType = "com.apple.product-type.bundle.ui-testing";
		};
/* End PBXNativeTarget section */

/* Begin PBXProject section */
		D7E4EBF01FB0DA300025CA67 /* Project object */ = {
			isa = PBXProject;
			attributes = {
				LastSwiftUpdateCheck = 0910;
				LastUpgradeCheck = 0910;
				ORGANIZATIONNAME = Dev;
				TargetAttributes = {
					D7E4EBF71FB0DA300025CA67 = {
						CreatedOnToolsVersion = 9.1;
						ProvisioningStyle = Automatic;
					};
					D7E4EC0E1FB0DA310025CA67 = {
						CreatedOnToolsVersion = 9.1;
						ProvisioningStyle = Automatic;
						TestTargetID = D7E4EBF71FB0DA300025CA67;
					};
					D7E4EC191FB0DA310025CA67 = {
						CreatedOnToolsVersion = 9.1;
						ProvisioningStyle = Automatic;
						TestTargetID = D7E4EBF71FB0DA300025CA67;
					};
				};
			};
			buildConfigurationList = D7E4EBF31FB0DA300025CA67 /* Build configuration list for PBXProject "Final" */;
			compatibilityVersion = "Xcode 8.0";
			developmentRegion = en;
			hasScannedForEncodings = 0;
			knownRegions = (
				en,
				Base,
			);
			mainGroup = D7E4EBEF1FB0DA300025CA67;
			productRefGroup = D7E4EBF91FB0DA300025CA67 /* Products */;
			projectDirPath = "";
			projectRoot = "";
			targets = (
				D7E4EBF71FB0DA300025CA67 /* Final */,
				D7E4EC0E1FB0DA310025CA67 /* FinalTests */,
				D7E4EC191FB0DA310025CA67 /* FinalUITests */,
			);
		};
/* End PBXProject section */

/* Begin PBXResourcesBuildPhase section */
		D7E4EBF61FB0DA300025CA67 /* Resources */ = {
			isa = PBXResourcesBuildPhase;
			buildActionMask = 2147483647;
			files = (
				D7E4EC2F1FB0DA9D0025CA67 /* words.plist in Resources */,
				D7E4EC091FB0DA300025CA67 /* LaunchScreen.storyboard in Resources */,
				D7E4EC061FB0DA300025CA67 /* Assets.xcassets in Resources */,
				D7E4EC011FB0DA300025CA67 /* Main.storyboard in Resources */,
			);
			runOnlyForDeploymentPostprocessing = 0;
		};
		D7E4EC0D1FB0DA310025CA67 /* Resources */ = {
			isa = PBXResourcesBuildPhase;
			buildActionMask = 2147483647;
			files = (
			);
			runOnlyForDeploymentPostprocessing = 0;
		};
		D7E4EC181FB0DA310025CA67 /* Resources */ = {
			isa = PBXResourcesBuildPhase;
			buildActionMask = 2147483647;
			files = (
			);
			runOnlyForDeploymentPostprocessing = 0;
		};
/* End PBXResourcesBuildPhase section */

/* Begin PBXSourcesBuildPhase section */
		D7E4EBF41FB0DA300025CA67 /* Sources */ = {
			isa = PBXSourcesBuildPhase;
			buildActionMask = 2147483647;
			files = (
				D7E4EC041FB0DA300025CA67 /* Final.xcdatamodeld in Sources */,
				D73EB22F1FB9087C00C50F61 /* Study_view_controller.swift in Sources */,
				D73EB22C1FB8F71A00C50F61 /* Card+CoreDataClass.swift in Sources */,
				D73EB2351FBA433900C50F61 /* cardListTableViewController.swift in Sources */,
				D7E4EBFE1FB0DA300025CA67 /* DashBoardViewController.swift in Sources */,
				D73EB2311FBA286700C50F61 /* navi_back_delegate_protocol.swift in Sources */,
				D7FEED501FB6830200F92C44 /* Setting_tableview_controller.swift in Sources */,
				D7E4EBFC1FB0DA300025CA67 /* AppDelegate.swift in Sources */,
				D76BE8B41FB119D400BA4F13 /* record.swift in Sources */,
				D73EB2291FB7D25300C50F61 /* performance.swift in Sources */,
				D7E4EC331FB0DAD80025CA67 /* CardService.swift in Sources */,
			);
			runOnlyForDeploymentPostprocessing = 0;
		};
		D7E4EC0B1FB0DA310025CA67 /* Sources */ = {
			isa = PBXSourcesBuildPhase;
			buildActionMask = 2147483647;
			files = (
				D7E4EC141FB0DA310025CA67 /* FinalTests.swift in Sources */,
			);
			runOnlyForDeploymentPostprocessing = 0;
		};
		D7E4EC161FB0DA310025CA67 /* Sources */ = {
			isa = PBXSourcesBuildPhase;
			buildActionMask = 2147483647;
			files = (
				D7E4EC1F1FB0DA310025CA67 /* FinalUITests.swift in Sources */,
			);
			runOnlyForDeploymentPostprocessing = 0;
		};
/* End PBXSourcesBuildPhase section */

/* Begin PBXTargetDependency section */
		D7E4EC111FB0DA310025CA67 /* PBXTargetDependency */ = {
			isa = PBXTargetDependency;
			target = D7E4EBF71FB0DA300025CA67 /* Final */;
			targetProxy = D7E4EC101FB0DA310025CA67 /* PBXContainerItemProxy */;
		};
		D7E4EC1C1FB0DA310025CA67 /* PBXTargetDependency */ = {
			isa = PBXTargetDependency;
			target = D7E4EBF71FB0DA300025CA67 /* Final */;
			targetProxy = D7E4EC1B1FB0DA310025CA67 /* PBXContainerItemProxy */;
		};
/* End PBXTargetDependency section */

/* Begin PBXVariantGroup section */
		D7E4EBFF1FB0DA300025CA67 /* Main.storyboard */ = {
			isa = PBXVariantGroup;
			children = (
				D7E4EC001FB0DA300025CA67 /* Base */,
			);
			name = Main.storyboard;
			sourceTree = "<group>";
		};
		D7E4EC071FB0DA300025CA67 /* LaunchScreen.storyboard */ = {
			isa = PBXVariantGroup;
			children = (
				D7E4EC081FB0DA300025CA67 /* Base */,
			);
			name = LaunchScreen.storyboard;
			sourceTree = "<group>";
		};
/* End PBXVariantGroup section */

/* Begin XCBuildConfiguration section */
		D7E4EC211FB0DA310025CA67 /* Debug */ = {
			isa = XCBuildConfiguration;
			buildSettings = {
				ALWAYS_SEARCH_USER_PATHS = NO;
				CLANG_ANALYZER_NONNULL = YES;
				CLANG_ANALYZER_NUMBER_OBJECT_CONVERSION = YES_AGGRESSIVE;
				CLANG_CXX_LANGUAGE_STANDARD = "gnu++14";
				CLANG_CXX_LIBRARY = "libc++";
				CLANG_ENABLE_MODULES = YES;
				CLANG_ENABLE_OBJC_ARC = YES;
				CLANG_WARN_BLOCK_CAPTURE_AUTORELEASING = YES;
				CLANG_WARN_BOOL_CONVERSION = YES;
				CLANG_WARN_COMMA = YES;
				CLANG_WARN_CONSTANT_CONVERSION = YES;
				CLANG_WARN_DIRECT_OBJC_ISA_USAGE = YES_ERROR;
				CLANG_WARN_DOCUMENTATION_COMMENTS = YES;
				CLANG_WARN_EMPTY_BODY = YES;
				CLANG_WARN_ENUM_CONVERSION = YES;
				CLANG_WARN_INFINITE_RECURSION = YES;
				CLANG_WARN_INT_CONVERSION = YES;
				CLANG_WARN_NON_LITERAL_NULL_CONVERSION = YES;
				CLANG_WARN_OBJC_LITERAL_CONVERSION = YES;
				CLANG_WARN_OBJC_ROOT_CLASS = YES_ERROR;
				CLANG_WARN_RANGE_LOOP_ANALYSIS = YES;
				CLANG_WARN_STRICT_PROTOTYPES = YES;
				CLANG_WARN_SUSPICIOUS_MOVE = YES;
				CLANG_WARN_UNGUARDED_AVAILABILITY = YES_AGGRESSIVE;
				CLANG_WARN_UNREACHABLE_CODE = YES;
				CLANG_WARN__DUPLICATE_METHOD_MATCH = YES;
				CODE_SIGN_IDENTITY = "iPhone Developer";
				COPY_PHASE_STRIP = NO;
				DEBUG_INFORMATION_FORMAT = dwarf;
				ENABLE_STRICT_OBJC_MSGSEND = YES;
				ENABLE_TESTABILITY = YES;
				GCC_C_LANGUAGE_STANDARD = gnu11;
				GCC_DYNAMIC_NO_PIC = NO;
				GCC_NO_COMMON_BLOCKS = YES;
				GCC_OPTIMIZATION_LEVEL = 0;
				GCC_PREPROCESSOR_DEFINITIONS = (
					"DEBUG=1",
					"$(inherited)",
				);
				GCC_WARN_64_TO_32_BIT_CONVERSION = YES;
				GCC_WARN_ABOUT_RETURN_TYPE = YES_ERROR;
				GCC_WARN_UNDECLARED_SELECTOR = YES;
				GCC_WARN_UNINITIALIZED_AUTOS = YES_AGGRESSIVE;
				GCC_WARN_UNUSED_FUNCTION = YES;
				GCC_WARN_UNUSED_VARIABLE = YES;
				IPHONEOS_DEPLOYMENT_TARGET = 11.1;
				MTL_ENABLE_DEBUG_INFO = YES;
				ONLY_ACTIVE_ARCH = YES;
				SDKROOT = iphoneos;
				SWIFT_ACTIVE_COMPILATION_CONDITIONS = DEBUG;
				SWIFT_OPTIMIZATION_LEVEL = "-Onone";
			};
			name = Debug;
		};
		D7E4EC221FB0DA310025CA67 /* Release */ = {
			isa = XCBuildConfiguration;
			buildSettings = {
				ALWAYS_SEARCH_USER_PATHS = NO;
				CLANG_ANALYZER_NONNULL = YES;
				CLANG_ANALYZER_NUMBER_OBJECT_CONVERSION = YES_AGGRESSIVE;
				CLANG_CXX_LANGUAGE_STANDARD = "gnu++14";
				CLANG_CXX_LIBRARY = "libc++";
				CLANG_ENABLE_MODULES = YES;
				CLANG_ENABLE_OBJC_ARC = YES;
				CLANG_WARN_BLOCK_CAPTURE_AUTORELEASING = YES;
				CLANG_WARN_BOOL_CONVERSION = YES;
				CLANG_WARN_COMMA = YES;
				CLANG_WARN_CONSTANT_CONVERSION = YES;
				CLANG_WARN_DIRECT_OBJC_ISA_USAGE = YES_ERROR;
				CLANG_WARN_DOCUMENTATION_COMMENTS = YES;
				CLANG_WARN_EMPTY_BODY = YES;
				CLANG_WARN_ENUM_CONVERSION = YES;
				CLANG_WARN_INFINITE_RECURSION = YES;
				CLANG_WARN_INT_CONVERSION = YES;
				CLANG_WARN_NON_LITERAL_NULL_CONVERSION = YES;
				CLANG_WARN_OBJC_LITERAL_CONVERSION = YES;
				CLANG_WARN_OBJC_ROOT_CLASS = YES_ERROR;
				CLANG_WARN_RANGE_LOOP_ANALYSIS = YES;
				CLANG_WARN_STRICT_PROTOTYPES = YES;
				CLANG_WARN_SUSPICIOUS_MOVE = YES;
				CLANG_WARN_UNGUARDED_AVAILABILITY = YES_AGGRESSIVE;
				CLANG_WARN_UNREACHABLE_CODE = YES;
				CLANG_WARN__DUPLICATE_METHOD_MATCH = YES;
				CODE_SIGN_IDENTITY = "iPhone Developer";
				COPY_PHASE_STRIP = NO;
				DEBUG_INFORMATION_FORMAT = "dwarf-with-dsym";
				ENABLE_NS_ASSERTIONS = NO;
				ENABLE_STRICT_OBJC_MSGSEND = YES;
				GCC_C_LANGUAGE_STANDARD = gnu11;
				GCC_NO_COMMON_BLOCKS = YES;
				GCC_WARN_64_TO_32_BIT_CONVERSION = YES;
				GCC_WARN_ABOUT_RETURN_TYPE = YES_ERROR;
				GCC_WARN_UNDECLARED_SELECTOR = YES;
				GCC_WARN_UNINITIALIZED_AUTOS = YES_AGGRESSIVE;
				GCC_WARN_UNUSED_FUNCTION = YES;
				GCC_WARN_UNUSED_VARIABLE = YES;
				IPHONEOS_DEPLOYMENT_TARGET = 11.1;
				MTL_ENABLE_DEBUG_INFO = NO;
				SDKROOT = iphoneos;
				SWIFT_OPTIMIZATION_LEVEL = "-Owholemodule";
				VALIDATE_PRODUCT = YES;
			};
			name = Release;
		};
		D7E4EC241FB0DA310025CA67 /* Debug */ = {
			isa = XCBuildConfiguration;
			buildSettings = {
				ASSETCATALOG_COMPILER_APPICON_NAME = AppIcon;
				CODE_SIGN_STYLE = Automatic;
				DEVELOPMENT_TEAM = 9R46ZZB7A4;
				INFOPLIST_FILE = Final/Info.plist;
				LD_RUNPATH_SEARCH_PATHS = "$(inherited) @executable_path/Frameworks";
				PRODUCT_BUNDLE_IDENTIFIER = Zhipeng.Final;
				PRODUCT_NAME = "$(TARGET_NAME)";
				SWIFT_VERSION = 4.0;
				TARGETED_DEVICE_FAMILY = "1,2";
			};
			name = Debug;
		};
		D7E4EC251FB0DA310025CA67 /* Release */ = {
			isa = XCBuildConfiguration;
			buildSettings = {
				ASSETCATALOG_COMPILER_APPICON_NAME = AppIcon;
				CODE_SIGN_STYLE = Automatic;
				DEVELOPMENT_TEAM = 9R46ZZB7A4;
				INFOPLIST_FILE = Final/Info.plist;
				LD_RUNPATH_SEARCH_PATHS = "$(inherited) @executable_path/Frameworks";
				PRODUCT_BUNDLE_IDENTIFIER = Zhipeng.Final;
				PRODUCT_NAME = "$(TARGET_NAME)";
				SWIFT_VERSION = 4.0;
				TARGETED_DEVICE_FAMILY = "1,2";
			};
			name = Release;
		};
		D7E4EC271FB0DA310025CA67 /* Debug */ = {
			isa = XCBuildConfiguration;
			buildSettings = {
				ALWAYS_EMBED_SWIFT_STANDARD_LIBRARIES = YES;
				BUNDLE_LOADER = "$(TEST_HOST)";
				CODE_SIGN_STYLE = Automatic;
				INFOPLIST_FILE = FinalTests/Info.plist;
				LD_RUNPATH_SEARCH_PATHS = "$(inherited) @executable_path/Frameworks @loader_path/Frameworks";
				PRODUCT_BUNDLE_IDENTIFIER = Zhipeng.FinalTests;
				PRODUCT_NAME = "$(TARGET_NAME)";
				SWIFT_VERSION = 4.0;
				TARGETED_DEVICE_FAMILY = "1,2";
				TEST_HOST = "$(BUILT_PRODUCTS_DIR)/Final.app/Final";
			};
			name = Debug;
		};
		D7E4EC281FB0DA310025CA67 /* Release */ = {
			isa = XCBuildConfiguration;
			buildSettings = {
				ALWAYS_EMBED_SWIFT_STANDARD_LIBRARIES = YES;
				BUNDLE_LOADER = "$(TEST_HOST)";
				CODE_SIGN_STYLE = Automatic;
				INFOPLIST_FILE = FinalTests/Info.plist;
				LD_RUNPATH_SEARCH_PATHS = "$(inherited) @executable_path/Frameworks @loader_path/Frameworks";
				PRODUCT_BUNDLE_IDENTIFIER = Zhipeng.FinalTests;
				PRODUCT_NAME = "$(TARGET_NAME)";
				SWIFT_VERSION = 4.0;
				TARGETED_DEVICE_FAMILY = "1,2";
				TEST_HOST = "$(BUILT_PRODUCTS_DIR)/Final.app/Final";
			};
			name = Release;
		};
		D7E4EC2A1FB0DA310025CA67 /* Debug */ = {
			isa = XCBuildConfiguration;
			buildSettings = {
				ALWAYS_EMBED_SWIFT_STANDARD_LIBRARIES = YES;
				CODE_SIGN_STYLE = Automatic;
				INFOPLIST_FILE = FinalUITests/Info.plist;
				LD_RUNPATH_SEARCH_PATHS = "$(inherited) @executable_path/Frameworks @loader_path/Frameworks";
				PRODUCT_BUNDLE_IDENTIFIER = Zhipeng.FinalUITests;
				PRODUCT_NAME = "$(TARGET_NAME)";
				SWIFT_VERSION = 4.0;
				TARGETED_DEVICE_FAMILY = "1,2";
				TEST_TARGET_NAME = Final;
			};
			name = Debug;
		};
		D7E4EC2B1FB0DA310025CA67 /* Release */ = {
			isa = XCBuildConfiguration;
			buildSettings = {
				ALWAYS_EMBED_SWIFT_STANDARD_LIBRARIES = YES;
				CODE_SIGN_STYLE = Automatic;
				INFOPLIST_FILE = FinalUITests/Info.plist;
				LD_RUNPATH_SEARCH_PATHS = "$(inherited) @executable_path/Frameworks @loader_path/Frameworks";
				PRODUCT_BUNDLE_IDENTIFIER = Zhipeng.FinalUITests;
				PRODUCT_NAME = "$(TARGET_NAME)";
				SWIFT_VERSION = 4.0;
				TARGETED_DEVICE_FAMILY = "1,2";
				TEST_TARGET_NAME = Final;
			};
			name = Release;
		};
/* End XCBuildConfiguration section */

/* Begin XCConfigurationList section */
		D7E4EBF31FB0DA300025CA67 /* Build configuration list for PBXProject "Final" */ = {
			isa = XCConfigurationList;
			buildConfigurations = (
				D7E4EC211FB0DA310025CA67 /* Debug */,
				D7E4EC221FB0DA310025CA67 /* Release */,
			);
			defaultConfigurationIsVisible = 0;
			defaultConfigurationName = Release;
		};
		D7E4EC231FB0DA310025CA67 /* Build configuration list for PBXNativeTarget "Final" */ = {
			isa = XCConfigurationList;
			buildConfigurations = (
				D7E4EC241FB0DA310025CA67 /* Debug */,
				D7E4EC251FB0DA310025CA67 /* Release */,
			);
			defaultConfigurationIsVisible = 0;
			defaultConfigurationName = Release;
		};
		D7E4EC261FB0DA310025CA67 /* Build configuration list for PBXNativeTarget "FinalTests" */ = {
			isa = XCConfigurationList;
			buildConfigurations = (
				D7E4EC271FB0DA310025CA67 /* Debug */,
				D7E4EC281FB0DA310025CA67 /* Release */,
			);
			defaultConfigurationIsVisible = 0;
			defaultConfigurationName = Release;
		};
		D7E4EC291FB0DA310025CA67 /* Build configuration list for PBXNativeTarget "FinalUITests" */ = {
			isa = XCConfigurationList;
			buildConfigurations = (
				D7E4EC2A1FB0DA310025CA67 /* Debug */,
				D7E4EC2B1FB0DA310025CA67 /* Release */,
			);
			defaultConfigurationIsVisible = 0;
			defaultConfigurationName = Release;
		};
/* End XCConfigurationList section */

/* Begin XCVersionGroup section */
		D7E4EC021FB0DA300025CA67 /* Final.xcdatamodeld */ = {
			isa = XCVersionGroup;
			children = (
				D7E4EC031FB0DA300025CA67 /* Final.xcdatamodel */,
			);
			currentVersion = D7E4EC031FB0DA300025CA67 /* Final.xcdatamodel */;
			path = Final.xcdatamodeld;
			sourceTree = "<group>";
			versionGroupType = wrapper.xcdatamodel;
		};
/* End XCVersionGroup section */
	};
	rootObject = D7E4EBF01FB0DA300025CA67 /* Project object */;
}
